// !$*UTF8*$!
{
	archiveVersion = 1;
	classes = {
	};
	objectVersion = 56;
	objects = {

/* Begin PBXBuildFile section */
		78295A332BCF5C2B00EF30E1 /* MasteringSwiftUiChartsApp.swift in Sources */ = {isa = PBXBuildFile; fileRef = 78295A322BCF5C2B00EF30E1 /* MasteringSwiftUiChartsApp.swift */; };
		78295A352BCF5C2B00EF30E1 /* ContentView.swift in Sources */ = {isa = PBXBuildFile; fileRef = 78295A342BCF5C2B00EF30E1 /* ContentView.swift */; };
		78295A372BCF5C2D00EF30E1 /* Assets.xcassets in Resources */ = {isa = PBXBuildFile; fileRef = 78295A362BCF5C2D00EF30E1 /* Assets.xcassets */; };
		78295A3A2BCF5C2D00EF30E1 /* Preview Assets.xcassets in Resources */ = {isa = PBXBuildFile; fileRef = 78295A392BCF5C2D00EF30E1 /* Preview Assets.xcassets */; };
		78295A452BCF704700EF30E1 /* ColorExtension.swift in Sources */ = {isa = PBXBuildFile; fileRef = 78295A442BCF704700EF30E1 /* ColorExtension.swift */; };
		78295A482BCF726300EF30E1 /* ColorButtonView.swift in Sources */ = {isa = PBXBuildFile; fileRef = 78295A472BCF726300EF30E1 /* ColorButtonView.swift */; };
		78295A4A2BCF77C000EF30E1 /* ArcCircleView.swift in Sources */ = {isa = PBXBuildFile; fileRef = 78295A492BCF77C000EF30E1 /* ArcCircleView.swift */; };
		78295A4D2BCF8DF900EF30E1 /* BarChartView.swift in Sources */ = {isa = PBXBuildFile; fileRef = 78295A4C2BCF8DF900EF30E1 /* BarChartView.swift */; };
		7888D5ED2BD2F48A00CFEC74 /* LineChartView.swift in Sources */ = {isa = PBXBuildFile; fileRef = 7888D5EC2BD2F48A00CFEC74 /* LineChartView.swift */; };
/* End PBXBuildFile section */

/* Begin PBXFileReference section */
		78295A2F2BCF5C2B00EF30E1 /* MasteringSwiftUiCharts.app */ = {isa = PBXFileReference; explicitFileType = wrapper.application; includeInIndex = 0; path = MasteringSwiftUiCharts.app; sourceTree = BUILT_PRODUCTS_DIR; };
		78295A322BCF5C2B00EF30E1 /* MasteringSwiftUiChartsApp.swift */ = {isa = PBXFileReference; lastKnownFileType = sourcecode.swift; path = MasteringSwiftUiChartsApp.swift; sourceTree = "<group>"; };
		78295A342BCF5C2B00EF30E1 /* ContentView.swift */ = {isa = PBXFileReference; lastKnownFileType = sourcecode.swift; path = ContentView.swift; sourceTree = "<group>"; };
		78295A362BCF5C2D00EF30E1 /* Assets.xcassets */ = {isa = PBXFileReference; lastKnownFileType = folder.assetcatalog; path = Assets.xcassets; sourceTree = "<group>"; };
		78295A392BCF5C2D00EF30E1 /* Preview Assets.xcassets */ = {isa = PBXFileReference; lastKnownFileType = folder.assetcatalog; path = "Preview Assets.xcassets"; sourceTree = "<group>"; };
		78295A442BCF704700EF30E1 /* ColorExtension.swift */ = {isa = PBXFileReference; lastKnownFileType = sourcecode.swift; path = ColorExtension.swift; sourceTree = "<group>"; };
		78295A472BCF726300EF30E1 /* ColorButtonView.swift */ = {isa = PBXFileReference; lastKnownFileType = sourcecode.swift; path = ColorButtonView.swift; sourceTree = "<group>"; };
		78295A492BCF77C000EF30E1 /* ArcCircleView.swift */ = {isa = PBXFileReference; lastKnownFileType = sourcecode.swift; path = ArcCircleView.swift; sourceTree = "<group>"; };
		78295A4C2BCF8DF900EF30E1 /* BarChartView.swift */ = {isa = PBXFileReference; lastKnownFileType = sourcecode.swift; path = BarChartView.swift; sourceTree = "<group>"; };
		7888D5EC2BD2F48A00CFEC74 /* LineChartView.swift */ = {isa = PBXFileReference; lastKnownFileType = sourcecode.swift; path = LineChartView.swift; sourceTree = SOURCE_ROOT; };
/* End PBXFileReference section */

/* Begin PBXFrameworksBuildPhase section */
		78295A2C2BCF5C2B00EF30E1 /* Frameworks */ = {
			isa = PBXFrameworksBuildPhase;
			buildActionMask = 2147483647;
			files = (
			);
			runOnlyForDeploymentPostprocessing = 0;
		};
/* End PBXFrameworksBuildPhase section */

/* Begin PBXGroup section */
		78295A262BCF5C2B00EF30E1 = {
			isa = PBXGroup;
			children = (
				78295A312BCF5C2B00EF30E1 /* MasteringSwiftUiCharts */,
				78295A302BCF5C2B00EF30E1 /* Products */,
			);
			sourceTree = "<group>";
		};
		78295A302BCF5C2B00EF30E1 /* Products */ = {
			isa = PBXGroup;
			children = (
				78295A2F2BCF5C2B00EF30E1 /* MasteringSwiftUiCharts.app */,
			);
			name = Products;
			sourceTree = "<group>";
		};
		78295A312BCF5C2B00EF30E1 /* MasteringSwiftUiCharts */ = {
			isa = PBXGroup;
			children = (
				78295A432BCF701800EF30E1 /* Extensions */,
				78295A422BCF701400EF30E1 /* Model */,
				78295A412BCF701000EF30E1 /* ViewModel */,
				78295A402BCF700B00EF30E1 /* View */,
				78295A322BCF5C2B00EF30E1 /* MasteringSwiftUiChartsApp.swift */,
				78295A342BCF5C2B00EF30E1 /* ContentView.swift */,
				78295A362BCF5C2D00EF30E1 /* Assets.xcassets */,
				78295A382BCF5C2D00EF30E1 /* Preview Content */,
			);
			path = MasteringSwiftUiCharts;
			sourceTree = "<group>";
		};
		78295A382BCF5C2D00EF30E1 /* Preview Content */ = {
			isa = PBXGroup;
			children = (
				78295A392BCF5C2D00EF30E1 /* Preview Assets.xcassets */,
			);
			path = "Preview Content";
			sourceTree = "<group>";
		};
		78295A402BCF700B00EF30E1 /* View */ = {
			isa = PBXGroup;
			children = (
				78295A4B2BCF8DE500EF30E1 /* Chart_Views */,
				78295A462BCF722200EF30E1 /* Component_Views */,
			);
			path = View;
			sourceTree = "<group>";
		};
		78295A412BCF701000EF30E1 /* ViewModel */ = {
			isa = PBXGroup;
			children = (
			);
			path = ViewModel;
			sourceTree = "<group>";
		};
		78295A422BCF701400EF30E1 /* Model */ = {
			isa = PBXGroup;
			children = (
			);
			path = Model;
			sourceTree = "<group>";
		};
		78295A432BCF701800EF30E1 /* Extensions */ = {
			isa = PBXGroup;
			children = (
				78295A442BCF704700EF30E1 /* ColorExtension.swift */,
			);
			path = Extensions;
			sourceTree = "<group>";
		};
		78295A462BCF722200EF30E1 /* Component_Views */ = {
			isa = PBXGroup;
			children = (
				78295A472BCF726300EF30E1 /* ColorButtonView.swift */,
				78295A492BCF77C000EF30E1 /* ArcCircleView.swift */,
			);
			path = Component_Views;
			sourceTree = "<group>";
		};
		78295A4B2BCF8DE500EF30E1 /* Chart_Views */ = {
			isa = PBXGroup;
			children = (
				7888D5EC2BD2F48A00CFEC74 /* LineChartView.swift */,
				78295A4C2BCF8DF900EF30E1 /* BarChartView.swift */,
			);
			path = Chart_Views;
			sourceTree = "<group>";
		};
/* End PBXGroup section */

/* Begin PBXNativeTarget section */
		78295A2E2BCF5C2B00EF30E1 /* MasteringSwiftUiCharts */ = {
			isa = PBXNativeTarget;
			buildConfigurationList = 78295A3D2BCF5C2D00EF30E1 /* Build configuration list for PBXNativeTarget "MasteringSwiftUiCharts" */;
			buildPhases = (
				78295A2B2BCF5C2B00EF30E1 /* Sources */,
				78295A2C2BCF5C2B00EF30E1 /* Frameworks */,
				78295A2D2BCF5C2B00EF30E1 /* Resources */,
			);
			buildRules = (
			);
			dependencies = (
			);
			name = MasteringSwiftUiCharts;
			productName = MasteringSwiftUiCharts;
			productReference = 78295A2F2BCF5C2B00EF30E1 /* MasteringSwiftUiCharts.app */;
			productType = "com.apple.product-type.application";
		};
/* End PBXNativeTarget section */

/* Begin PBXProject section */
		78295A272BCF5C2B00EF30E1 /* Project object */ = {
			isa = PBXProject;
			attributes = {
				BuildIndependentTargetsInParallel = 1;
				LastSwiftUpdateCheck = 1530;
				LastUpgradeCheck = 1530;
				TargetAttributes = {
					78295A2E2BCF5C2B00EF30E1 = {
						CreatedOnToolsVersion = 15.3;
					};
				};
			};
			buildConfigurationList = 78295A2A2BCF5C2B00EF30E1 /* Build configuration list for PBXProject "MasteringSwiftUiCharts" */;
			compatibilityVersion = "Xcode 14.0";
			developmentRegion = en;
			hasScannedForEncodings = 0;
			knownRegions = (
				en,
				Base,
			);
			mainGroup = 78295A262BCF5C2B00EF30E1;
			productRefGroup = 78295A302BCF5C2B00EF30E1 /* Products */;
			projectDirPath = "";
			projectRoot = "";
			targets = (
				78295A2E2BCF5C2B00EF30E1 /* MasteringSwiftUiCharts */,
			);
		};
/* End PBXProject section */

/* Begin PBXResourcesBuildPhase section */
		78295A2D2BCF5C2B00EF30E1 /* Resources */ = {
			isa = PBXResourcesBuildPhase;
			buildActionMask = 2147483647;
			files = (
				78295A3A2BCF5C2D00EF30E1 /* Preview Assets.xcassets in Resources */,
				78295A372BCF5C2D00EF30E1 /* Assets.xcassets in Resources */,
			);
			runOnlyForDeploymentPostprocessing = 0;
		};
/* End PBXResourcesBuildPhase section */

/* Begin PBXSourcesBuildPhase section */
		78295A2B2BCF5C2B00EF30E1 /* Sources */ = {
			isa = PBXSourcesBuildPhase;
			buildActionMask = 2147483647;
			files = (
				78295A452BCF704700EF30E1 /* ColorExtension.swift in Sources */,
				7888D5ED2BD2F48A00CFEC74 /* LineChartView.swift in Sources */,
				78295A4A2BCF77C000EF30E1 /* ArcCircleView.swift in Sources */,
				78295A352BCF5C2B00EF30E1 /* ContentView.swift in Sources */,
				78295A482BCF726300EF30E1 /* ColorButtonView.swift in Sources */,
				78295A332BCF5C2B00EF30E1 /* MasteringSwiftUiChartsApp.swift in Sources */,
				78295A4D2BCF8DF900EF30E1 /* BarChartView.swift in Sources */,
			);
			runOnlyForDeploymentPostprocessing = 0;
		};
/* End PBXSourcesBuildPhase section */

/* Begin XCBuildConfiguration section */
		78295A3B2BCF5C2D00EF30E1 /* Debug */ = {
			isa = XCBuildConfiguration;
			buildSettings = {
				ALWAYS_SEARCH_USER_PATHS = NO;
				ASSETCATALOG_COMPILER_GENERATE_SWIFT_ASSET_SYMBOL_EXTENSIONS = YES;
				CLANG_ANALYZER_NONNULL = YES;
				CLANG_ANALYZER_NUMBER_OBJECT_CONVERSION = YES_AGGRESSIVE;
				CLANG_CXX_LANGUAGE_STANDARD = "gnu++20";
				CLANG_ENABLE_MODULES = YES;
				CLANG_ENABLE_OBJC_ARC = YES;
				CLANG_ENABLE_OBJC_WEAK = YES;
				CLANG_WARN_BLOCK_CAPTURE_AUTORELEASING = YES;
				CLANG_WARN_BOOL_CONVERSION = YES;
				CLANG_WARN_COMMA = YES;
				CLANG_WARN_CONSTANT_CONVERSION = YES;
				CLANG_WARN_DEPRECATED_OBJC_IMPLEMENTATIONS = YES;
				CLANG_WARN_DIRECT_OBJC_ISA_USAGE = YES_ERROR;
				CLANG_WARN_DOCUMENTATION_COMMENTS = YES;
				CLANG_WARN_EMPTY_BODY = YES;
				CLANG_WARN_ENUM_CONVERSION = YES;
				CLANG_WARN_INFINITE_RECURSION = YES;
				CLANG_WARN_INT_CONVERSION = YES;
				CLANG_WARN_NON_LITERAL_NULL_CONVERSION = YES;
				CLANG_WARN_OBJC_IMPLICIT_RETAIN_SELF = YES;
				CLANG_WARN_OBJC_LITERAL_CONVERSION = YES;
				CLANG_WARN_OBJC_ROOT_CLASS = YES_ERROR;
				CLANG_WARN_QUOTED_INCLUDE_IN_FRAMEWORK_HEADER = YES;
				CLANG_WARN_RANGE_LOOP_ANALYSIS = YES;
				CLANG_WARN_STRICT_PROTOTYPES = YES;
				CLANG_WARN_SUSPICIOUS_MOVE = YES;
				CLANG_WARN_UNGUARDED_AVAILABILITY = YES_AGGRESSIVE;
				CLANG_WARN_UNREACHABLE_CODE = YES;
				CLANG_WARN__DUPLICATE_METHOD_MATCH = YES;
				COPY_PHASE_STRIP = NO;
				DEBUG_INFORMATION_FORMAT = dwarf;
				ENABLE_STRICT_OBJC_MSGSEND = YES;
				ENABLE_TESTABILITY = YES;
				ENABLE_USER_SCRIPT_SANDBOXING = YES;
				GCC_C_LANGUAGE_STANDARD = gnu17;
				GCC_DYNAMIC_NO_PIC = NO;
				GCC_NO_COMMON_BLOCKS = YES;
				GCC_OPTIMIZATION_LEVEL = 0;
				GCC_PREPROCESSOR_DEFINITIONS = (
					"DEBUG=1",
					"$(inherited)",
				);
				GCC_WARN_64_TO_32_BIT_CONVERSION = YES;
				GCC_WARN_ABOUT_RETURN_TYPE = YES_ERROR;
				GCC_WARN_UNDECLARED_SELECTOR = YES;
				GCC_WARN_UNINITIALIZED_AUTOS = YES_AGGRESSIVE;
				GCC_WARN_UNUSED_FUNCTION = YES;
				GCC_WARN_UNUSED_VARIABLE = YES;
				IPHONEOS_DEPLOYMENT_TARGET = 17.4;
				LOCALIZATION_PREFERS_STRING_CATALOGS = YES;
				MTL_ENABLE_DEBUG_INFO = INCLUDE_SOURCE;
				MTL_FAST_MATH = YES;
				ONLY_ACTIVE_ARCH = YES;
				SDKROOT = iphoneos;
				SWIFT_ACTIVE_COMPILATION_CONDITIONS = "DEBUG $(inherited)";
				SWIFT_OPTIMIZATION_LEVEL = "-Onone";
			};
			name = Debug;
		};
		78295A3C2BCF5C2D00EF30E1 /* Release */ = {
			isa = XCBuildConfiguration;
			buildSettings = {
				ALWAYS_SEARCH_USER_PATHS = NO;
				ASSETCATALOG_COMPILER_GENERATE_SWIFT_ASSET_SYMBOL_EXTENSIONS = YES;
				CLANG_ANALYZER_NONNULL = YES;
				CLANG_ANALYZER_NUMBER_OBJECT_CONVERSION = YES_AGGRESSIVE;
				CLANG_CXX_LANGUAGE_STANDARD = "gnu++20";
				CLANG_ENABLE_MODULES = YES;
				CLANG_ENABLE_OBJC_ARC = YES;
				CLANG_ENABLE_OBJC_WEAK = YES;
				CLANG_WARN_BLOCK_CAPTURE_AUTORELEASING = YES;
				CLANG_WARN_BOOL_CONVERSION = YES;
				CLANG_WARN_COMMA = YES;
				CLANG_WARN_CONSTANT_CONVERSION = YES;
				CLANG_WARN_DEPRECATED_OBJC_IMPLEMENTATIONS = YES;
				CLANG_WARN_DIRECT_OBJC_ISA_USAGE = YES_ERROR;
				CLANG_WARN_DOCUMENTATION_COMMENTS = YES;
				CLANG_WARN_EMPTY_BODY = YES;
				CLANG_WARN_ENUM_CONVERSION = YES;
				CLANG_WARN_INFINITE_RECURSION = YES;
				CLANG_WARN_INT_CONVERSION = YES;
				CLANG_WARN_NON_LITERAL_NULL_CONVERSION = YES;
				CLANG_WARN_OBJC_IMPLICIT_RETAIN_SELF = YES;
				CLANG_WARN_OBJC_LITERAL_CONVERSION = YES;
				CLANG_WARN_OBJC_ROOT_CLASS = YES_ERROR;
				CLANG_WARN_QUOTED_INCLUDE_IN_FRAMEWORK_HEADER = YES;
				CLANG_WARN_RANGE_LOOP_ANALYSIS = YES;
				CLANG_WARN_STRICT_PROTOTYPES = YES;
				CLANG_WARN_SUSPICIOUS_MOVE = YES;
				CLANG_WARN_UNGUARDED_AVAILABILITY = YES_AGGRESSIVE;
				CLANG_WARN_UNREACHABLE_CODE = YES;
				CLANG_WARN__DUPLICATE_METHOD_MATCH = YES;
				COPY_PHASE_STRIP = NO;
				DEBUG_INFORMATION_FORMAT = "dwarf-with-dsym";
				ENABLE_NS_ASSERTIONS = NO;
				ENABLE_STRICT_OBJC_MSGSEND = YES;
				ENABLE_USER_SCRIPT_SANDBOXING = YES;
				GCC_C_LANGUAGE_STANDARD = gnu17;
				GCC_NO_COMMON_BLOCKS = YES;
				GCC_WARN_64_TO_32_BIT_CONVERSION = YES;
				GCC_WARN_ABOUT_RETURN_TYPE = YES_ERROR;
				GCC_WARN_UNDECLARED_SELECTOR = YES;
				GCC_WARN_UNINITIALIZED_AUTOS = YES_AGGRESSIVE;
				GCC_WARN_UNUSED_FUNCTION = YES;
				GCC_WARN_UNUSED_VARIABLE = YES;
				IPHONEOS_DEPLOYMENT_TARGET = 17.4;
				LOCALIZATION_PREFERS_STRING_CATALOGS = YES;
				MTL_ENABLE_DEBUG_INFO = NO;
				MTL_FAST_MATH = YES;
				SDKROOT = iphoneos;
				SWIFT_COMPILATION_MODE = wholemodule;
				VALIDATE_PRODUCT = YES;
			};
			name = Release;
		};
		78295A3E2BCF5C2D00EF30E1 /* Debug */ = {
			isa = XCBuildConfiguration;
			buildSettings = {
				ASSETCATALOG_COMPILER_APPICON_NAME = AppIcon;
				ASSETCATALOG_COMPILER_GLOBAL_ACCENT_COLOR_NAME = AccentColor;
				CODE_SIGN_STYLE = Automatic;
				CURRENT_PROJECT_VERSION = 1;
				DEVELOPMENT_ASSET_PATHS = "\"MasteringSwiftUiCharts/Preview Content\"";
				DEVELOPMENT_TEAM = 8MMCMYL237;
				ENABLE_PREVIEWS = YES;
				GENERATE_INFOPLIST_FILE = YES;
				INFOPLIST_KEY_UIApplicationSceneManifest_Generation = YES;
				INFOPLIST_KEY_UIApplicationSupportsIndirectInputEvents = YES;
				INFOPLIST_KEY_UILaunchScreen_Generation = YES;
				INFOPLIST_KEY_UISupportedInterfaceOrientations_iPad = "UIInterfaceOrientationPortrait UIInterfaceOrientationPortraitUpsideDown UIInterfaceOrientationLandscapeLeft UIInterfaceOrientationLandscapeRight";
				INFOPLIST_KEY_UISupportedInterfaceOrientations_iPhone = "UIInterfaceOrientationPortrait UIInterfaceOrientationLandscapeLeft UIInterfaceOrientationLandscapeRight";
				LD_RUNPATH_SEARCH_PATHS = (
					"$(inherited)",
					"@executable_path/Frameworks",
				);
				MARKETING_VERSION = 1.0;
				PRODUCT_BUNDLE_IDENTIFIER = com.GuySteinberg.MasteringSwiftUiCharts;
				PRODUCT_NAME = "$(TARGET_NAME)";
				SWIFT_EMIT_LOC_STRINGS = YES;
				SWIFT_VERSION = 5.0;
				TARGETED_DEVICE_FAMILY = "1,2";
			};
			name = Debug;
		};
		78295A3F2BCF5C2D00EF30E1 /* Release */ = {
			isa = XCBuildConfiguration;
			buildSettings = {
				ASSETCATALOG_COMPILER_APPICON_NAME = AppIcon;
				ASSETCATALOG_COMPILER_GLOBAL_ACCENT_COLOR_NAME = AccentColor;
				CODE_SIGN_STYLE = Automatic;
				CURRENT_PROJECT_VERSION = 1;
				DEVELOPMENT_ASSET_PATHS = "\"MasteringSwiftUiCharts/Preview Content\"";
				DEVELOPMENT_TEAM = 8MMCMYL237;
				ENABLE_PREVIEWS = YES;
				GENERATE_INFOPLIST_FILE = YES;
				INFOPLIST_KEY_UIApplicationSceneManifest_Generation = YES;
				INFOPLIST_KEY_UIApplicationSupportsIndirectInputEvents = YES;
				INFOPLIST_KEY_UILaunchScreen_Generation = YES;
				INFOPLIST_KEY_UISupportedInterfaceOrientations_iPad = "UIInterfaceOrientationPortrait UIInterfaceOrientationPortraitUpsideDown UIInterfaceOrientationLandscapeLeft UIInterfaceOrientationLandscapeRight";
				INFOPLIST_KEY_UISupportedInterfaceOrientations_iPhone = "UIInterfaceOrientationPortrait UIInterfaceOrientationLandscapeLeft UIInterfaceOrientationLandscapeRight";
				LD_RUNPATH_SEARCH_PATHS = (
					"$(inherited)",
					"@executable_path/Frameworks",
				);
				MARKETING_VERSION = 1.0;
				PRODUCT_BUNDLE_IDENTIFIER = com.GuySteinberg.MasteringSwiftUiCharts;
				PRODUCT_NAME = "$(TARGET_NAME)";
				SWIFT_EMIT_LOC_STRINGS = YES;
				SWIFT_VERSION = 5.0;
				TARGETED_DEVICE_FAMILY = "1,2";
			};
			name = Release;
		};
/* End XCBuildConfiguration section */

/* Begin XCConfigurationList section */
		78295A2A2BCF5C2B00EF30E1 /* Build configuration list for PBXProject "MasteringSwiftUiCharts" */ = {
			isa = XCConfigurationList;
			buildConfigurations = (
				78295A3B2BCF5C2D00EF30E1 /* Debug */,
				78295A3C2BCF5C2D00EF30E1 /* Release */,
			);
			defaultConfigurationIsVisible = 0;
			defaultConfigurationName = Release;
		};
		78295A3D2BCF5C2D00EF30E1 /* Build configuration list for PBXNativeTarget "MasteringSwiftUiCharts" */ = {
			isa = XCConfigurationList;
			buildConfigurations = (
				78295A3E2BCF5C2D00EF30E1 /* Debug */,
				78295A3F2BCF5C2D00EF30E1 /* Release */,
			);
			defaultConfigurationIsVisible = 0;
			defaultConfigurationName = Release;
		};
/* End XCConfigurationList section */
	};
	rootObject = 78295A272BCF5C2B00EF30E1 /* Project object */;
}
